// !$*UTF8*$!
{
	archiveVersion = 1;
	classes = {
	};
	objectVersion = 56;
	objects = {

/* Begin PBXBuildFile section */
		C497A7A12BBA731D00B8081E /* MarsRoverPhotosView.swift in Sources */ = {isa = PBXBuildFile; fileRef = C497A7A02BBA731D00B8081E /* MarsRoverPhotosView.swift */; };
		C497A7A32BBA754400B8081E /* MarsRoverPhotosViewModel.swift in Sources */ = {isa = PBXBuildFile; fileRef = C497A7A22BBA754400B8081E /* MarsRoverPhotosViewModel.swift */; };
		C497A7A62BBA7CC600B8081E /* MarsRoverPhotosCollectionViewCell.swift in Sources */ = {isa = PBXBuildFile; fileRef = C497A7A52BBA7CC600B8081E /* MarsRoverPhotosCollectionViewCell.swift */; };
		C497A7A82BBA7D4B00B8081E /* MarsRoverPhotosCollectionViewCellViewModel.swift in Sources */ = {isa = PBXBuildFile; fileRef = C497A7A72BBA7D4B00B8081E /* MarsRoverPhotosCollectionViewCellViewModel.swift */; };
		C4C23C912BB66954001D5F13 /* APIService.swift in Sources */ = {isa = PBXBuildFile; fileRef = C4C23C902BB66954001D5F13 /* APIService.swift */; };
		C4C23C932BB669B5001D5F13 /* APIRequest.swift in Sources */ = {isa = PBXBuildFile; fileRef = C4C23C922BB669B5001D5F13 /* APIRequest.swift */; };
		C4C23C952BB669F0001D5F13 /* APIEndpoint.swift in Sources */ = {isa = PBXBuildFile; fileRef = C4C23C942BB669F0001D5F13 /* APIEndpoint.swift */; };
		C4C23C972BB674DB001D5F13 /* APODViewController.swift in Sources */ = {isa = PBXBuildFile; fileRef = C4C23C962BB674DB001D5F13 /* APODViewController.swift */; };
		C4C23C992BB67507001D5F13 /* MarsRoverPhotosViewController.swift in Sources */ = {isa = PBXBuildFile; fileRef = C4C23C982BB67507001D5F13 /* MarsRoverPhotosViewController.swift */; };
		C4C23C9E2BB67F32001D5F13 /* APODModel.swift in Sources */ = {isa = PBXBuildFile; fileRef = C4C23C9D2BB67F32001D5F13 /* APODModel.swift */; };
		C4C23CA02BB67F98001D5F13 /* PhotoModel.swift in Sources */ = {isa = PBXBuildFile; fileRef = C4C23C9F2BB67F98001D5F13 /* PhotoModel.swift */; };
		C4C23CA52BB6948F001D5F13 /* GetMarsRoverPhotosResponse.swift in Sources */ = {isa = PBXBuildFile; fileRef = C4C23CA42BB6948F001D5F13 /* GetMarsRoverPhotosResponse.swift */; };
		C4C23CA82BB695B5001D5F13 /* ApiJSONDecoder.swift in Sources */ = {isa = PBXBuildFile; fileRef = C4C23CA72BB695B5001D5F13 /* ApiJSONDecoder.swift */; };
		C4C23CAA2BB695D7001D5F13 /* ApiJSONEncoder.swift in Sources */ = {isa = PBXBuildFile; fileRef = C4C23CA92BB695D7001D5F13 /* ApiJSONEncoder.swift */; };
		C4F574622BB6D26500346611 /* Kingfisher in Frameworks */ = {isa = PBXBuildFile; productRef = C4F574612BB6D26500346611 /* Kingfisher */; };
		C4F574652BB6D2C700346611 /* UIView+.swift in Sources */ = {isa = PBXBuildFile; fileRef = C4F574642BB6D2C700346611 /* UIView+.swift */; };
		C4F574722BB7A91B00346611 /* APODViewModel.swift in Sources */ = {isa = PBXBuildFile; fileRef = C4F574712BB7A91B00346611 /* APODViewModel.swift */; };
		C4F574742BB7A96800346611 /* APODView.swift in Sources */ = {isa = PBXBuildFile; fileRef = C4F574732BB7A96800346611 /* APODView.swift */; };
		C4F574772BB7AEE100346611 /* APODCollectionViewCell.swift in Sources */ = {isa = PBXBuildFile; fileRef = C4F574762BB7AEE100346611 /* APODCollectionViewCell.swift */; };
		C4F574792BBA385D00346611 /* APODCollectionViewCellViewModel.swift in Sources */ = {isa = PBXBuildFile; fileRef = C4F574782BBA385D00346611 /* APODCollectionViewCellViewModel.swift */; };
		C4F83C132BB64FEF00470439 /* AppDelegate.swift in Sources */ = {isa = PBXBuildFile; fileRef = C4F83C122BB64FEF00470439 /* AppDelegate.swift */; };
		C4F83C152BB64FEF00470439 /* SceneDelegate.swift in Sources */ = {isa = PBXBuildFile; fileRef = C4F83C142BB64FEF00470439 /* SceneDelegate.swift */; };
		C4F83C172BB64FEF00470439 /* NASATabBarController.swift in Sources */ = {isa = PBXBuildFile; fileRef = C4F83C162BB64FEF00470439 /* NASATabBarController.swift */; };
		C4F83C1C2BB64FF100470439 /* Assets.xcassets in Resources */ = {isa = PBXBuildFile; fileRef = C4F83C1B2BB64FF100470439 /* Assets.xcassets */; };
		C4F83C1F2BB64FF100470439 /* LaunchScreen.storyboard in Resources */ = {isa = PBXBuildFile; fileRef = C4F83C1D2BB64FF100470439 /* LaunchScreen.storyboard */; };
/* End PBXBuildFile section */

/* Begin PBXFileReference section */
		C497A7A02BBA731D00B8081E /* MarsRoverPhotosView.swift */ = {isa = PBXFileReference; lastKnownFileType = sourcecode.swift; path = MarsRoverPhotosView.swift; sourceTree = "<group>"; };
		C497A7A22BBA754400B8081E /* MarsRoverPhotosViewModel.swift */ = {isa = PBXFileReference; lastKnownFileType = sourcecode.swift; path = MarsRoverPhotosViewModel.swift; sourceTree = "<group>"; };
		C497A7A52BBA7CC600B8081E /* MarsRoverPhotosCollectionViewCell.swift */ = {isa = PBXFileReference; lastKnownFileType = sourcecode.swift; path = MarsRoverPhotosCollectionViewCell.swift; sourceTree = "<group>"; };
		C497A7A72BBA7D4B00B8081E /* MarsRoverPhotosCollectionViewCellViewModel.swift */ = {isa = PBXFileReference; lastKnownFileType = sourcecode.swift; path = MarsRoverPhotosCollectionViewCellViewModel.swift; sourceTree = "<group>"; };
		C4C23C902BB66954001D5F13 /* APIService.swift */ = {isa = PBXFileReference; lastKnownFileType = sourcecode.swift; path = APIService.swift; sourceTree = "<group>"; };
		C4C23C922BB669B5001D5F13 /* APIRequest.swift */ = {isa = PBXFileReference; lastKnownFileType = sourcecode.swift; path = APIRequest.swift; sourceTree = "<group>"; };
		C4C23C942BB669F0001D5F13 /* APIEndpoint.swift */ = {isa = PBXFileReference; lastKnownFileType = sourcecode.swift; path = APIEndpoint.swift; sourceTree = "<group>"; };
		C4C23C962BB674DB001D5F13 /* APODViewController.swift */ = {isa = PBXFileReference; lastKnownFileType = sourcecode.swift; path = APODViewController.swift; sourceTree = "<group>"; };
		C4C23C982BB67507001D5F13 /* MarsRoverPhotosViewController.swift */ = {isa = PBXFileReference; lastKnownFileType = sourcecode.swift; path = MarsRoverPhotosViewController.swift; sourceTree = "<group>"; };
		C4C23C9D2BB67F32001D5F13 /* APODModel.swift */ = {isa = PBXFileReference; lastKnownFileType = sourcecode.swift; path = APODModel.swift; sourceTree = "<group>"; };
		C4C23C9F2BB67F98001D5F13 /* PhotoModel.swift */ = {isa = PBXFileReference; lastKnownFileType = sourcecode.swift; path = PhotoModel.swift; sourceTree = "<group>"; };
		C4C23CA42BB6948F001D5F13 /* GetMarsRoverPhotosResponse.swift */ = {isa = PBXFileReference; lastKnownFileType = sourcecode.swift; path = GetMarsRoverPhotosResponse.swift; sourceTree = "<group>"; };
		C4C23CA72BB695B5001D5F13 /* ApiJSONDecoder.swift */ = {isa = PBXFileReference; lastKnownFileType = sourcecode.swift; path = ApiJSONDecoder.swift; sourceTree = "<group>"; };
		C4C23CA92BB695D7001D5F13 /* ApiJSONEncoder.swift */ = {isa = PBXFileReference; lastKnownFileType = sourcecode.swift; path = ApiJSONEncoder.swift; sourceTree = "<group>"; };
		C4F574642BB6D2C700346611 /* UIView+.swift */ = {isa = PBXFileReference; lastKnownFileType = sourcecode.swift; path = "UIView+.swift"; sourceTree = "<group>"; };
		C4F574712BB7A91B00346611 /* APODViewModel.swift */ = {isa = PBXFileReference; lastKnownFileType = sourcecode.swift; path = APODViewModel.swift; sourceTree = "<group>"; };
		C4F574732BB7A96800346611 /* APODView.swift */ = {isa = PBXFileReference; lastKnownFileType = sourcecode.swift; path = APODView.swift; sourceTree = "<group>"; };
		C4F574762BB7AEE100346611 /* APODCollectionViewCell.swift */ = {isa = PBXFileReference; lastKnownFileType = sourcecode.swift; path = APODCollectionViewCell.swift; sourceTree = "<group>"; };
		C4F574782BBA385D00346611 /* APODCollectionViewCellViewModel.swift */ = {isa = PBXFileReference; lastKnownFileType = sourcecode.swift; path = APODCollectionViewCellViewModel.swift; sourceTree = "<group>"; };
		C4F83C0F2BB64FEF00470439 /* CollectionView-Small-Project.app */ = {isa = PBXFileReference; explicitFileType = wrapper.application; includeInIndex = 0; path = "CollectionView-Small-Project.app"; sourceTree = BUILT_PRODUCTS_DIR; };
		C4F83C122BB64FEF00470439 /* AppDelegate.swift */ = {isa = PBXFileReference; lastKnownFileType = sourcecode.swift; path = AppDelegate.swift; sourceTree = "<group>"; };
		C4F83C142BB64FEF00470439 /* SceneDelegate.swift */ = {isa = PBXFileReference; lastKnownFileType = sourcecode.swift; path = SceneDelegate.swift; sourceTree = "<group>"; };
		C4F83C162BB64FEF00470439 /* NASATabBarController.swift */ = {isa = PBXFileReference; lastKnownFileType = sourcecode.swift; path = NASATabBarController.swift; sourceTree = "<group>"; };
		C4F83C1B2BB64FF100470439 /* Assets.xcassets */ = {isa = PBXFileReference; lastKnownFileType = folder.assetcatalog; path = Assets.xcassets; sourceTree = "<group>"; };
		C4F83C1E2BB64FF100470439 /* Base */ = {isa = PBXFileReference; lastKnownFileType = file.storyboard; name = Base; path = Base.lproj/LaunchScreen.storyboard; sourceTree = "<group>"; };
		C4F83C202BB64FF100470439 /* Info.plist */ = {isa = PBXFileReference; lastKnownFileType = text.plist.xml; path = Info.plist; sourceTree = "<group>"; };
/* End PBXFileReference section */

/* Begin PBXFrameworksBuildPhase section */
		C4F83C0C2BB64FEF00470439 /* Frameworks */ = {
			isa = PBXFrameworksBuildPhase;
			buildActionMask = 2147483647;
			files = (
				C4F574622BB6D26500346611 /* Kingfisher in Frameworks */,
			);
			runOnlyForDeploymentPostprocessing = 0;
		};
/* End PBXFrameworksBuildPhase section */

/* Begin PBXGroup section */
		C497A7A42BBA7C9A00B8081E /* custom_cell */ = {
			isa = PBXGroup;
			children = (
				C497A7A52BBA7CC600B8081E /* MarsRoverPhotosCollectionViewCell.swift */,
				C497A7A72BBA7D4B00B8081E /* MarsRoverPhotosCollectionViewCellViewModel.swift */,
			);
			path = custom_cell;
			sourceTree = "<group>";
		};
		C4C23C8F2BB66908001D5F13 /* APIClient */ = {
			isa = PBXGroup;
			children = (
				C4C23C902BB66954001D5F13 /* APIService.swift */,
				C4C23C922BB669B5001D5F13 /* APIRequest.swift */,
				C4C23C942BB669F0001D5F13 /* APIEndpoint.swift */,
			);
			path = APIClient;
			sourceTree = "<group>";
		};
		C4C23C9A2BB67537001D5F13 /* Tab_Bar */ = {
			isa = PBXGroup;
			children = (
				C4F5746F2BB7A8E500346611 /* apod */,
				C4F574702BB7A8F500346611 /* mars_rover_photos */,
			);
			path = Tab_Bar;
			sourceTree = "<group>";
		};
		C4C23C9B2BB67597001D5F13 /* Core */ = {
			isa = PBXGroup;
			children = (
				C4F83C162BB64FEF00470439 /* NASATabBarController.swift */,
				C4C23C9A2BB67537001D5F13 /* Tab_Bar */,
			);
			path = Core;
			sourceTree = "<group>";
		};
		C4C23C9C2BB67EE9001D5F13 /* Models */ = {
			isa = PBXGroup;
			children = (
				C4C23C9D2BB67F32001D5F13 /* APODModel.swift */,
				C4C23C9F2BB67F98001D5F13 /* PhotoModel.swift */,
			);
			path = Models;
			sourceTree = "<group>";
		};
		C4C23CA32BB69460001D5F13 /* Responses */ = {
			isa = PBXGroup;
			children = (
				C4C23CA42BB6948F001D5F13 /* GetMarsRoverPhotosResponse.swift */,
			);
			path = Responses;
			sourceTree = "<group>";
		};
		C4C23CA62BB69587001D5F13 /* Encoder-and-Decoder */ = {
			isa = PBXGroup;
			children = (
				C4C23CA72BB695B5001D5F13 /* ApiJSONDecoder.swift */,
				C4C23CA92BB695D7001D5F13 /* ApiJSONEncoder.swift */,
			);
			path = "Encoder-and-Decoder";
			sourceTree = "<group>";
		};
		C4F574632BB6D2A600346611 /* Extension */ = {
			isa = PBXGroup;
			children = (
				C4F574642BB6D2C700346611 /* UIView+.swift */,
			);
			path = Extension;
			sourceTree = "<group>";
		};
		C4F5746F2BB7A8E500346611 /* apod */ = {
			isa = PBXGroup;
			children = (
				C4C23C962BB674DB001D5F13 /* APODViewController.swift */,
				C4F574732BB7A96800346611 /* APODView.swift */,
				C4F574712BB7A91B00346611 /* APODViewModel.swift */,
				C4F574752BB7AEB300346611 /* custom_cell */,
			);
			path = apod;
			sourceTree = "<group>";
		};
		C4F574702BB7A8F500346611 /* mars_rover_photos */ = {
			isa = PBXGroup;
			children = (
				C4C23C982BB67507001D5F13 /* MarsRoverPhotosViewController.swift */,
				C497A7A02BBA731D00B8081E /* MarsRoverPhotosView.swift */,
				C497A7A22BBA754400B8081E /* MarsRoverPhotosViewModel.swift */,
				C497A7A42BBA7C9A00B8081E /* custom_cell */,
			);
			path = mars_rover_photos;
			sourceTree = "<group>";
		};
		C4F574752BB7AEB300346611 /* custom_cell */ = {
			isa = PBXGroup;
			children = (
				C4F574762BB7AEE100346611 /* APODCollectionViewCell.swift */,
				C4F574782BBA385D00346611 /* APODCollectionViewCellViewModel.swift */,
			);
			path = custom_cell;
			sourceTree = "<group>";
		};
		C4F83C062BB64FEF00470439 = {
			isa = PBXGroup;
			children = (
				C4F83C112BB64FEF00470439 /* CollectionView-Small-Project */,
				C4F83C102BB64FEF00470439 /* Products */,
			);
			sourceTree = "<group>";
		};
		C4F83C102BB64FEF00470439 /* Products */ = {
			isa = PBXGroup;
			children = (
				C4F83C0F2BB64FEF00470439 /* CollectionView-Small-Project.app */,
			);
			name = Products;
			sourceTree = "<group>";
		};
		C4F83C112BB64FEF00470439 /* CollectionView-Small-Project */ = {
			isa = PBXGroup;
			children = (
				C4F574632BB6D2A600346611 /* Extension */,
				C4C23CA62BB69587001D5F13 /* Encoder-and-Decoder */,
				C4C23C8F2BB66908001D5F13 /* APIClient */,
				C4C23C9C2BB67EE9001D5F13 /* Models */,
				C4C23CA32BB69460001D5F13 /* Responses */,
				C4F83C292BB6507900470439 /* Controllers */,
				C4F83C2A2BB6509000470439 /* Resources */,
				C4F83C122BB64FEF00470439 /* AppDelegate.swift */,
				C4F83C142BB64FEF00470439 /* SceneDelegate.swift */,
				C4F83C1D2BB64FF100470439 /* LaunchScreen.storyboard */,
				C4F83C202BB64FF100470439 /* Info.plist */,
			);
			path = "CollectionView-Small-Project";
			sourceTree = "<group>";
		};
		C4F83C292BB6507900470439 /* Controllers */ = {
			isa = PBXGroup;
			children = (
				C4C23C9B2BB67597001D5F13 /* Core */,
			);
			path = Controllers;
			sourceTree = "<group>";
		};
		C4F83C2A2BB6509000470439 /* Resources */ = {
			isa = PBXGroup;
			children = (
				C4F83C1B2BB64FF100470439 /* Assets.xcassets */,
			);
			path = Resources;
			sourceTree = "<group>";
		};
/* End PBXGroup section */

/* Begin PBXNativeTarget section */
		C4F83C0E2BB64FEF00470439 /* CollectionView-Small-Project */ = {
			isa = PBXNativeTarget;
			buildConfigurationList = C4F83C232BB64FF100470439 /* Build configuration list for PBXNativeTarget "CollectionView-Small-Project" */;
			buildPhases = (
				C4F83C0B2BB64FEF00470439 /* Sources */,
				C4F83C0C2BB64FEF00470439 /* Frameworks */,
				C4F83C0D2BB64FEF00470439 /* Resources */,
			);
			buildRules = (
			);
			dependencies = (
			);
			name = "CollectionView-Small-Project";
			packageProductDependencies = (
				C4F574612BB6D26500346611 /* Kingfisher */,
			);
			productName = "CollectionView-Small-Project";
			productReference = C4F83C0F2BB64FEF00470439 /* CollectionView-Small-Project.app */;
			productType = "com.apple.product-type.application";
		};
/* End PBXNativeTarget section */

/* Begin PBXProject section */
		C4F83C072BB64FEF00470439 /* Project object */ = {
			isa = PBXProject;
			attributes = {
				BuildIndependentTargetsInParallel = 1;
				LastSwiftUpdateCheck = 1520;
				LastUpgradeCheck = 1520;
				TargetAttributes = {
					C4F83C0E2BB64FEF00470439 = {
						CreatedOnToolsVersion = 15.2;
					};
				};
			};
			buildConfigurationList = C4F83C0A2BB64FEF00470439 /* Build configuration list for PBXProject "CollectionView-Small-Project" */;
			compatibilityVersion = "Xcode 14.0";
			developmentRegion = en;
			hasScannedForEncodings = 0;
			knownRegions = (
				en,
				Base,
			);
			mainGroup = C4F83C062BB64FEF00470439;
			packageReferences = (
				C4F574602BB6D26500346611 /* XCRemoteSwiftPackageReference "Kingfisher" */,
			);
			productRefGroup = C4F83C102BB64FEF00470439 /* Products */;
			projectDirPath = "";
			projectRoot = "";
			targets = (
				C4F83C0E2BB64FEF00470439 /* CollectionView-Small-Project */,
			);
		};
/* End PBXProject section */

/* Begin PBXResourcesBuildPhase section */
		C4F83C0D2BB64FEF00470439 /* Resources */ = {
			isa = PBXResourcesBuildPhase;
			buildActionMask = 2147483647;
			files = (
				C4F83C1F2BB64FF100470439 /* LaunchScreen.storyboard in Resources */,
				C4F83C1C2BB64FF100470439 /* Assets.xcassets in Resources */,
			);
			runOnlyForDeploymentPostprocessing = 0;
		};
/* End PBXResourcesBuildPhase section */

/* Begin PBXSourcesBuildPhase section */
		C4F83C0B2BB64FEF00470439 /* Sources */ = {
			isa = PBXSourcesBuildPhase;
			buildActionMask = 2147483647;
			files = (
				C497A7A82BBA7D4B00B8081E /* MarsRoverPhotosCollectionViewCellViewModel.swift in Sources */,
				C4F83C172BB64FEF00470439 /* NASATabBarController.swift in Sources */,
				C4F574792BBA385D00346611 /* APODCollectionViewCellViewModel.swift in Sources */,
				C4C23C952BB669F0001D5F13 /* APIEndpoint.swift in Sources */,
				C4F574652BB6D2C700346611 /* UIView+.swift in Sources */,
				C497A7A12BBA731D00B8081E /* MarsRoverPhotosView.swift in Sources */,
				C4F83C132BB64FEF00470439 /* AppDelegate.swift in Sources */,
				C4C23C992BB67507001D5F13 /* MarsRoverPhotosViewController.swift in Sources */,
				C4F574722BB7A91B00346611 /* APODViewModel.swift in Sources */,
				C4C23C972BB674DB001D5F13 /* APODViewController.swift in Sources */,
				C4C23CA82BB695B5001D5F13 /* ApiJSONDecoder.swift in Sources */,
				C497A7A62BBA7CC600B8081E /* MarsRoverPhotosCollectionViewCell.swift in Sources */,
				C4F574742BB7A96800346611 /* APODView.swift in Sources */,
				C497A7A32BBA754400B8081E /* MarsRoverPhotosViewModel.swift in Sources */,
				C4F574772BB7AEE100346611 /* APODCollectionViewCell.swift in Sources */,
				C4C23C9E2BB67F32001D5F13 /* APODModel.swift in Sources */,
				C4C23C912BB66954001D5F13 /* APIService.swift in Sources */,
				C4C23CA52BB6948F001D5F13 /* GetMarsRoverPhotosResponse.swift in Sources */,
				C4C23CAA2BB695D7001D5F13 /* ApiJSONEncoder.swift in Sources */,
				C4C23C932BB669B5001D5F13 /* APIRequest.swift in Sources */,
				C4C23CA02BB67F98001D5F13 /* PhotoModel.swift in Sources */,
				C4F83C152BB64FEF00470439 /* SceneDelegate.swift in Sources */,
			);
			runOnlyForDeploymentPostprocessing = 0;
		};
/* End PBXSourcesBuildPhase section */

/* Begin PBXVariantGroup section */
		C4F83C1D2BB64FF100470439 /* LaunchScreen.storyboard */ = {
			isa = PBXVariantGroup;
			children = (
				C4F83C1E2BB64FF100470439 /* Base */,
			);
			name = LaunchScreen.storyboard;
			sourceTree = "<group>";
		};
/* End PBXVariantGroup section */

/* Begin XCBuildConfiguration section */
		C4F83C212BB64FF100470439 /* Debug */ = {
			isa = XCBuildConfiguration;
			buildSettings = {
				ALWAYS_SEARCH_USER_PATHS = NO;
				ASSETCATALOG_COMPILER_GENERATE_SWIFT_ASSET_SYMBOL_EXTENSIONS = YES;
				CLANG_ANALYZER_NONNULL = YES;
				CLANG_ANALYZER_NUMBER_OBJECT_CONVERSION = YES_AGGRESSIVE;
				CLANG_CXX_LANGUAGE_STANDARD = "gnu++20";
				CLANG_ENABLE_MODULES = YES;
				CLANG_ENABLE_OBJC_ARC = YES;
				CLANG_ENABLE_OBJC_WEAK = YES;
				CLANG_WARN_BLOCK_CAPTURE_AUTORELEASING = YES;
				CLANG_WARN_BOOL_CONVERSION = YES;
				CLANG_WARN_COMMA = YES;
				CLANG_WARN_CONSTANT_CONVERSION = YES;
				CLANG_WARN_DEPRECATED_OBJC_IMPLEMENTATIONS = YES;
				CLANG_WARN_DIRECT_OBJC_ISA_USAGE = YES_ERROR;
				CLANG_WARN_DOCUMENTATION_COMMENTS = YES;
				CLANG_WARN_EMPTY_BODY = YES;
				CLANG_WARN_ENUM_CONVERSION = YES;
				CLANG_WARN_INFINITE_RECURSION = YES;
				CLANG_WARN_INT_CONVERSION = YES;
				CLANG_WARN_NON_LITERAL_NULL_CONVERSION = YES;
				CLANG_WARN_OBJC_IMPLICIT_RETAIN_SELF = YES;
				CLANG_WARN_OBJC_LITERAL_CONVERSION = YES;
				CLANG_WARN_OBJC_ROOT_CLASS = YES_ERROR;
				CLANG_WARN_QUOTED_INCLUDE_IN_FRAMEWORK_HEADER = YES;
				CLANG_WARN_RANGE_LOOP_ANALYSIS = YES;
				CLANG_WARN_STRICT_PROTOTYPES = YES;
				CLANG_WARN_SUSPICIOUS_MOVE = YES;
				CLANG_WARN_UNGUARDED_AVAILABILITY = YES_AGGRESSIVE;
				CLANG_WARN_UNREACHABLE_CODE = YES;
				CLANG_WARN__DUPLICATE_METHOD_MATCH = YES;
				COPY_PHASE_STRIP = NO;
				DEBUG_INFORMATION_FORMAT = dwarf;
				ENABLE_STRICT_OBJC_MSGSEND = YES;
				ENABLE_TESTABILITY = YES;
				ENABLE_USER_SCRIPT_SANDBOXING = YES;
				GCC_C_LANGUAGE_STANDARD = gnu17;
				GCC_DYNAMIC_NO_PIC = NO;
				GCC_NO_COMMON_BLOCKS = YES;
				GCC_OPTIMIZATION_LEVEL = 0;
				GCC_PREPROCESSOR_DEFINITIONS = (
					"DEBUG=1",
					"$(inherited)",
				);
				GCC_WARN_64_TO_32_BIT_CONVERSION = YES;
				GCC_WARN_ABOUT_RETURN_TYPE = YES_ERROR;
				GCC_WARN_UNDECLARED_SELECTOR = YES;
				GCC_WARN_UNINITIALIZED_AUTOS = YES_AGGRESSIVE;
				GCC_WARN_UNUSED_FUNCTION = YES;
				GCC_WARN_UNUSED_VARIABLE = YES;
				IPHONEOS_DEPLOYMENT_TARGET = 17.2;
				LOCALIZATION_PREFERS_STRING_CATALOGS = YES;
				MTL_ENABLE_DEBUG_INFO = INCLUDE_SOURCE;
				MTL_FAST_MATH = YES;
				ONLY_ACTIVE_ARCH = YES;
				SDKROOT = iphoneos;
				SWIFT_ACTIVE_COMPILATION_CONDITIONS = "DEBUG $(inherited)";
				SWIFT_OPTIMIZATION_LEVEL = "-Onone";
			};
			name = Debug;
		};
		C4F83C222BB64FF100470439 /* Release */ = {
			isa = XCBuildConfiguration;
			buildSettings = {
				ALWAYS_SEARCH_USER_PATHS = NO;
				ASSETCATALOG_COMPILER_GENERATE_SWIFT_ASSET_SYMBOL_EXTENSIONS = YES;
				CLANG_ANALYZER_NONNULL = YES;
				CLANG_ANALYZER_NUMBER_OBJECT_CONVERSION = YES_AGGRESSIVE;
				CLANG_CXX_LANGUAGE_STANDARD = "gnu++20";
				CLANG_ENABLE_MODULES = YES;
				CLANG_ENABLE_OBJC_ARC = YES;
				CLANG_ENABLE_OBJC_WEAK = YES;
				CLANG_WARN_BLOCK_CAPTURE_AUTORELEASING = YES;
				CLANG_WARN_BOOL_CONVERSION = YES;
				CLANG_WARN_COMMA = YES;
				CLANG_WARN_CONSTANT_CONVERSION = YES;
				CLANG_WARN_DEPRECATED_OBJC_IMPLEMENTATIONS = YES;
				CLANG_WARN_DIRECT_OBJC_ISA_USAGE = YES_ERROR;
				CLANG_WARN_DOCUMENTATION_COMMENTS = YES;
				CLANG_WARN_EMPTY_BODY = YES;
				CLANG_WARN_ENUM_CONVERSION = YES;
				CLANG_WARN_INFINITE_RECURSION = YES;
				CLANG_WARN_INT_CONVERSION = YES;
				CLANG_WARN_NON_LITERAL_NULL_CONVERSION = YES;
				CLANG_WARN_OBJC_IMPLICIT_RETAIN_SELF = YES;
				CLANG_WARN_OBJC_LITERAL_CONVERSION = YES;
				CLANG_WARN_OBJC_ROOT_CLASS = YES_ERROR;
				CLANG_WARN_QUOTED_INCLUDE_IN_FRAMEWORK_HEADER = YES;
				CLANG_WARN_RANGE_LOOP_ANALYSIS = YES;
				CLANG_WARN_STRICT_PROTOTYPES = YES;
				CLANG_WARN_SUSPICIOUS_MOVE = YES;
				CLANG_WARN_UNGUARDED_AVAILABILITY = YES_AGGRESSIVE;
				CLANG_WARN_UNREACHABLE_CODE = YES;
				CLANG_WARN__DUPLICATE_METHOD_MATCH = YES;
				COPY_PHASE_STRIP = NO;
				DEBUG_INFORMATION_FORMAT = "dwarf-with-dsym";
				ENABLE_NS_ASSERTIONS = NO;
				ENABLE_STRICT_OBJC_MSGSEND = YES;
				ENABLE_USER_SCRIPT_SANDBOXING = YES;
				GCC_C_LANGUAGE_STANDARD = gnu17;
				GCC_NO_COMMON_BLOCKS = YES;
				GCC_WARN_64_TO_32_BIT_CONVERSION = YES;
				GCC_WARN_ABOUT_RETURN_TYPE = YES_ERROR;
				GCC_WARN_UNDECLARED_SELECTOR = YES;
				GCC_WARN_UNINITIALIZED_AUTOS = YES_AGGRESSIVE;
				GCC_WARN_UNUSED_FUNCTION = YES;
				GCC_WARN_UNUSED_VARIABLE = YES;
				IPHONEOS_DEPLOYMENT_TARGET = 17.2;
				LOCALIZATION_PREFERS_STRING_CATALOGS = YES;
				MTL_ENABLE_DEBUG_INFO = NO;
				MTL_FAST_MATH = YES;
				SDKROOT = iphoneos;
				SWIFT_COMPILATION_MODE = wholemodule;
				VALIDATE_PRODUCT = YES;
			};
			name = Release;
		};
		C4F83C242BB64FF100470439 /* Debug */ = {
			isa = XCBuildConfiguration;
			buildSettings = {
				ASSETCATALOG_COMPILER_APPICON_NAME = AppIcon;
				ASSETCATALOG_COMPILER_GLOBAL_ACCENT_COLOR_NAME = AccentColor;
				CODE_SIGN_STYLE = Automatic;
				CURRENT_PROJECT_VERSION = 1;
				DEVELOPMENT_TEAM = "";
				GENERATE_INFOPLIST_FILE = YES;
				INFOPLIST_FILE = "CollectionView-Small-Project/Info.plist";
				INFOPLIST_KEY_UIApplicationSupportsIndirectInputEvents = YES;
				INFOPLIST_KEY_UILaunchStoryboardName = LaunchScreen;
				INFOPLIST_KEY_UISupportedInterfaceOrientations_iPad = "UIInterfaceOrientationPortrait UIInterfaceOrientationPortraitUpsideDown UIInterfaceOrientationLandscapeLeft UIInterfaceOrientationLandscapeRight";
				INFOPLIST_KEY_UISupportedInterfaceOrientations_iPhone = "UIInterfaceOrientationPortrait UIInterfaceOrientationLandscapeLeft UIInterfaceOrientationLandscapeRight";
				IPHONEOS_DEPLOYMENT_TARGET = 13.0;
				LD_RUNPATH_SEARCH_PATHS = (
					"$(inherited)",
					"@executable_path/Frameworks",
				);
				MARKETING_VERSION = 1.0;
				PRODUCT_BUNDLE_IDENTIFIER = "com.try.CollectionView-Small-Project";
				PRODUCT_NAME = "$(TARGET_NAME)";
				SWIFT_EMIT_LOC_STRINGS = YES;
				SWIFT_VERSION = 5.0;
				TARGETED_DEVICE_FAMILY = "1,2";
			};
			name = Debug;
		};
		C4F83C252BB64FF100470439 /* Release */ = {
			isa = XCBuildConfiguration;
			buildSettings = {
				ASSETCATALOG_COMPILER_APPICON_NAME = AppIcon;
				ASSETCATALOG_COMPILER_GLOBAL_ACCENT_COLOR_NAME = AccentColor;
				CODE_SIGN_STYLE = Automatic;
				CURRENT_PROJECT_VERSION = 1;
				DEVELOPMENT_TEAM = "";
				GENERATE_INFOPLIST_FILE = YES;
				INFOPLIST_FILE = "CollectionView-Small-Project/Info.plist";
				INFOPLIST_KEY_UIApplicationSupportsIndirectInputEvents = YES;
				INFOPLIST_KEY_UILaunchStoryboardName = LaunchScreen;
				INFOPLIST_KEY_UISupportedInterfaceOrientations_iPad = "UIInterfaceOrientationPortrait UIInterfaceOrientationPortraitUpsideDown UIInterfaceOrientationLandscapeLeft UIInterfaceOrientationLandscapeRight";
				INFOPLIST_KEY_UISupportedInterfaceOrientations_iPhone = "UIInterfaceOrientationPortrait UIInterfaceOrientationLandscapeLeft UIInterfaceOrientationLandscapeRight";
				IPHONEOS_DEPLOYMENT_TARGET = 13.0;
				LD_RUNPATH_SEARCH_PATHS = (
					"$(inherited)",
					"@executable_path/Frameworks",
				);
				MARKETING_VERSION = 1.0;
				PRODUCT_BUNDLE_IDENTIFIER = "com.try.CollectionView-Small-Project";
				PRODUCT_NAME = "$(TARGET_NAME)";
				SWIFT_EMIT_LOC_STRINGS = YES;
				SWIFT_VERSION = 5.0;
				TARGETED_DEVICE_FAMILY = "1,2";
			};
			name = Release;
		};
/* End XCBuildConfiguration section */

/* Begin XCConfigurationList section */
		C4F83C0A2BB64FEF00470439 /* Build configuration list for PBXProject "CollectionView-Small-Project" */ = {
			isa = XCConfigurationList;
			buildConfigurations = (
				C4F83C212BB64FF100470439 /* Debug */,
				C4F83C222BB64FF100470439 /* Release */,
			);
			defaultConfigurationIsVisible = 0;
			defaultConfigurationName = Release;
		};
		C4F83C232BB64FF100470439 /* Build configuration list for PBXNativeTarget "CollectionView-Small-Project" */ = {
			isa = XCConfigurationList;
			buildConfigurations = (
				C4F83C242BB64FF100470439 /* Debug */,
				C4F83C252BB64FF100470439 /* Release */,
			);
			defaultConfigurationIsVisible = 0;
			defaultConfigurationName = Release;
		};
/* End XCConfigurationList section */

/* Begin XCRemoteSwiftPackageReference section */
		C4F574602BB6D26500346611 /* XCRemoteSwiftPackageReference "Kingfisher" */ = {
			isa = XCRemoteSwiftPackageReference;
			repositoryURL = "https://github.com/onevcat/Kingfisher";
			requirement = {
				kind = upToNextMajorVersion;
				minimumVersion = 7.11.0;
			};
		};
/* End XCRemoteSwiftPackageReference section */

/* Begin XCSwiftPackageProductDependency section */
		C4F574612BB6D26500346611 /* Kingfisher */ = {
			isa = XCSwiftPackageProductDependency;
			package = C4F574602BB6D26500346611 /* XCRemoteSwiftPackageReference "Kingfisher" */;
			productName = Kingfisher;
		};
/* End XCSwiftPackageProductDependency section */
	};
	rootObject = C4F83C072BB64FEF00470439 /* Project object */;
}
